
Microsoft Visual Studio Solution File, Format Version 12.00
# Visual Studio Version 16
VisualStudioVersion = 16.0.28922.388
MinimumVisualStudioVersion = 10.0.40219.1
Project("{FAE04EC0-301F-11D3-BF4B-00C04F79EFBC}") = "Psuedo Pantry App", "Psuedo Pantry App\Psuedo Pantry App.csproj", "{7E99465E-C3EE-4F9A-B75A-0ED520F3E81F}"
EndProject
Global
	GlobalSection(SolutionConfigurationPlatforms) = preSolution
		Debug|Any CPU = Debug|Any CPU
		Release|Any CPU = Release|Any CPU
	EndGlobalSection
	GlobalSection(ProjectConfigurationPlatforms) = postSolution
		{7E99465E-C3EE-4F9A-B75A-0ED520F3E81F}.Debug|Any CPU.ActiveCfg = Debug|Any CPU
		{7E99465E-C3EE-4F9A-B75A-0ED520F3E81F}.Debug|Any CPU.Build.0 = Debug|Any CPU
		{7E99465E-C3EE-4F9A-B75A-0ED520F3E81F}.Release|Any CPU.ActiveCfg = Release|Any CPU
		{7E99465E-C3EE-4F9A-B75A-0ED520F3E81F}.Release|Any CPU.Build.0 = Release|Any CPU
	EndGlobalSection
	GlobalSection(SolutionProperties) = preSolution
		HideSolutionNode = FALSE
	EndGlobalSection
	GlobalSection(ExtensibilityGlobals) = postSolution
		SolutionGuid = {5E76AF90-19CF-44F4-AF9A-F40817749347}
	EndGlobalSection
EndGlobal
